
Microsoft Visual Studio Solution File, Format Version 12.00
# Visual Studio 2013
VisualStudioVersion = 12.0.30723.0
MinimumVisualStudioVersion = 10.0.40219.1
Project("{FAE04EC0-301F-11D3-BF4B-00C04F79EFBC}") = "VisualStudioDemo.Web", "VisualStudioDemo.Web\VisualStudioDemo.Web.csproj", "{B5D5ED72-E7B8-4AD7-8A5E-90589CD5626E}"
EndProject
Project("{FAE04EC0-301F-11D3-BF4B-00C04F79EFBC}") = "VisualStudioDemo.Web.Tests", "VisualStudioDemo.Web.Tests\VisualStudioDemo.Web.Tests.csproj", "{D471265A-9132-4532-B6BB-E011580523E8}"
EndProject
Project("{2150E333-8FDC-42A3-9474-1A3956D46DE8}") = "PublishScripts", "PublishScripts", "{4A06AE26-1E18-4DA3-93EB-9E1DF224362D}"
	ProjectSection(SolutionItems) = preProject
		PublishScripts\AzureWebsitePublishModule.psm1 = PublishScripts\AzureWebsitePublishModule.psm1
		PublishScripts\Publish-WebApplicationWebsite.ps1 = PublishScripts\Publish-WebApplicationWebsite.ps1
	EndProjectSection
EndProject
Project("{2150E333-8FDC-42A3-9474-1A3956D46DE8}") = "Configurations", "Configurations", "{6CB17712-A814-4F4B-8390-DF02559FA3F3}"
	ProjectSection(SolutionItems) = preProject
		PublishScripts\Configurations\VisualStudioDemoWeb-WAWS-dev.json = PublishScripts\Configurations\VisualStudioDemoWeb-WAWS-dev.json
	EndProjectSection
EndProject
Project("{2150E333-8FDC-42A3-9474-1A3956D46DE8}") = ".nuget", ".nuget", "{88B6FED1-C885-424D-B196-3EE11FDA7BBE}"
	ProjectSection(SolutionItems) = preProject
		.nuget\packages.config = .nuget\packages.config
	EndProjectSection
EndProject
Global
	GlobalSection(SolutionConfigurationPlatforms) = preSolution
		Debug|Any CPU = Debug|Any CPU
		Release|Any CPU = Release|Any CPU
	EndGlobalSection
	GlobalSection(ProjectConfigurationPlatforms) = postSolution
		{B5D5ED72-E7B8-4AD7-8A5E-90589CD5626E}.Debug|Any CPU.ActiveCfg = Debug|Any CPU
		{B5D5ED72-E7B8-4AD7-8A5E-90589CD5626E}.Debug|Any CPU.Build.0 = Debug|Any CPU
		{B5D5ED72-E7B8-4AD7-8A5E-90589CD5626E}.Release|Any CPU.ActiveCfg = Release|Any CPU
		{B5D5ED72-E7B8-4AD7-8A5E-90589CD5626E}.Release|Any CPU.Build.0 = Release|Any CPU
		{D471265A-9132-4532-B6BB-E011580523E8}.Debug|Any CPU.ActiveCfg = Debug|Any CPU
		{D471265A-9132-4532-B6BB-E011580523E8}.Debug|Any CPU.Build.0 = Debug|Any CPU
		{D471265A-9132-4532-B6BB-E011580523E8}.Release|Any CPU.ActiveCfg = Release|Any CPU
		{D471265A-9132-4532-B6BB-E011580523E8}.Release|Any CPU.Build.0 = Release|Any CPU
	EndGlobalSection
	GlobalSection(SolutionProperties) = preSolution
		HideSolutionNode = FALSE
	EndGlobalSection
	GlobalSection(NestedProjects) = preSolution
		{6CB17712-A814-4F4B-8390-DF02559FA3F3} = {4A06AE26-1E18-4DA3-93EB-9E1DF224362D}
	EndGlobalSection
EndGlobal
